lockfileVersion: '6.0'

settings:
  autoInstallPeers: true
  excludeLinksFromLockfile: false

devDependencies:
  '@types/chrome':
    specifier: ^0.0.241
    version: 0.0.241

packages:

  /@types/chrome@0.0.241:
    resolution: {integrity: sha512-3WxC2D8zhyDnCU1GxyznoyUulLH6ReLWUWQm5LSM7S1rvV9w+k8TUNbWrFavk6zz2E1ws05lNawnSa7rK5kY8Q==}
    dependencies:
      '@types/filesystem': 0.0.32
      '@types/har-format': 1.2.11
    dev: true

  /@types/filesystem@0.0.32:
    resolution: {integrity: sha512-Yuf4jR5YYMR2DVgwuCiP11s0xuVRyPKmz8vo6HBY3CGdeMj8af93CFZX+T82+VD1+UqHOxTq31lO7MI7lepBtQ==}
    dependencies:
      '@types/filewriter': 0.0.29
    dev: true

  /@types/filewriter@0.0.29:
    resolution: {integrity: sha512-BsPXH/irW0ht0Ji6iw/jJaK8Lj3FJemon2gvEqHKpCdDCeemHa+rI3WBGq5z7cDMZgoLjY40oninGxqk+8NzNQ==}
    dev: true

  /@types/har-format@1.2.11:
    resolution: {integrity: sha512-T232/TneofqK30AD1LRrrf8KnjLvzrjWDp7eWST5KoiSzrBfRsLrWDPk4STQPW4NZG6v2MltnduBVmakbZOBIQ==}
    dev: true
